
Microsoft Visual Studio Solution File, Format Version 12.00
# Visual Studio Version 17
VisualStudioVersion = 17.0.31903.59
MinimumVisualStudioVersion = 10.0.40219.1
Project("{2150E333-8FDC-42A3-9474-1A3956D46DE8}") = "src", "src", "{827E0CD3-B72D-47B6-A68D-7590B98EB39B}"
EndProject
Project("{FAE04EC0-301F-11D3-BF4B-00C04F79EFBC}") = "ApiGateway", "src\ApiGateway\ApiGateway.csproj", "{DDC39E27-1BA2-44E6-8A97-0AE1C7369F50}"
EndProject
Project("{FAE04EC0-301F-11D3-BF4B-00C04F79EFBC}") = "Identity", "src\Identity\Identity.csproj", "{504CD67F-FE87-4146-9A0D-2DCD7C3BDF62}"
EndProject
Project("{FAE04EC0-301F-11D3-BF4B-00C04F79EFBC}") = "Document", "src\Document\Document.csproj", "{8B250DAF-89BF-4EE4-9478-0C2092BBA49D}"
EndProject
Project("{FAE04EC0-301F-11D3-BF4B-00C04F79EFBC}") = "FileStorage", "src\FileStorage\FileStorage.csproj", "{FCBC296D-85EB-4922-A966-C58DB2026B1C}"
EndProject
Project("{FAE04EC0-301F-11D3-BF4B-00C04F79EFBC}") = "Shared", "src\Shared\Shared.csproj", "{D1D5314C-4F45-400A-93B2-9C1275692DD5}"
EndProject
Project("{2150E333-8FDC-42A3-9474-1A3956D46DE8}") = "tests", "tests", "{0AB3BF05-4346-4AA6-1389-037BE0695223}"
EndProject
Project("{FAE04EC0-301F-11D3-BF4B-00C04F79EFBC}") = "Identity.Test", "tests\Identity.Test\Identity.Test.csproj", "{3DFD0DDD-91FB-45B1-864F-BA6474E3FFFF}"
EndProject
Project("{FAE04EC0-301F-11D3-BF4B-00C04F79EFBC}") = "Documents.Test", "tests\Documents.Test\Documents.Test.csproj", "{FBFF539E-EA2B-4F21-AEDF-EB5E79EC5896}"
EndProject
Project("{FAE04EC0-301F-11D3-BF4B-00C04F79EFBC}") = "FileStorage.Test", "tests\FileStorage.Test\FileStorage.Test.csproj", "{58EB8522-BC66-472F-9C2E-5475C1026971}"
EndProject
Global
	GlobalSection(SolutionConfigurationPlatforms) = preSolution
		Debug|Any CPU = Debug|Any CPU
		Debug|x64 = Debug|x64
		Debug|x86 = Debug|x86
		Release|Any CPU = Release|Any CPU
		Release|x64 = Release|x64
		Release|x86 = Release|x86
	EndGlobalSection
	GlobalSection(ProjectConfigurationPlatforms) = postSolution
		{DDC39E27-1BA2-44E6-8A97-0AE1C7369F50}.Debug|Any CPU.ActiveCfg = Debug|Any CPU
		{DDC39E27-1BA2-44E6-8A97-0AE1C7369F50}.Debug|Any CPU.Build.0 = Debug|Any CPU
		{DDC39E27-1BA2-44E6-8A97-0AE1C7369F50}.Debug|x64.ActiveCfg = Debug|Any CPU
		{DDC39E27-1BA2-44E6-8A97-0AE1C7369F50}.Debug|x64.Build.0 = Debug|Any CPU
		{DDC39E27-1BA2-44E6-8A97-0AE1C7369F50}.Debug|x86.ActiveCfg = Debug|Any CPU
		{DDC39E27-1BA2-44E6-8A97-0AE1C7369F50}.Debug|x86.Build.0 = Debug|Any CPU
		{DDC39E27-1BA2-44E6-8A97-0AE1C7369F50}.Release|Any CPU.ActiveCfg = Release|Any CPU
		{DDC39E27-1BA2-44E6-8A97-0AE1C7369F50}.Release|Any CPU.Build.0 = Release|Any CPU
		{DDC39E27-1BA2-44E6-8A97-0AE1C7369F50}.Release|x64.ActiveCfg = Release|Any CPU
		{DDC39E27-1BA2-44E6-8A97-0AE1C7369F50}.Release|x64.Build.0 = Release|Any CPU
		{DDC39E27-1BA2-44E6-8A97-0AE1C7369F50}.Release|x86.ActiveCfg = Release|Any CPU
		{DDC39E27-1BA2-44E6-8A97-0AE1C7369F50}.Release|x86.Build.0 = Release|Any CPU
		{504CD67F-FE87-4146-9A0D-2DCD7C3BDF62}.Debug|Any CPU.ActiveCfg = Debug|Any CPU
		{504CD67F-FE87-4146-9A0D-2DCD7C3BDF62}.Debug|Any CPU.Build.0 = Debug|Any CPU
		{504CD67F-FE87-4146-9A0D-2DCD7C3BDF62}.Debug|x64.ActiveCfg = Debug|Any CPU
		{504CD67F-FE87-4146-9A0D-2DCD7C3BDF62}.Debug|x64.Build.0 = Debug|Any CPU
		{504CD67F-FE87-4146-9A0D-2DCD7C3BDF62}.Debug|x86.ActiveCfg = Debug|Any CPU
		{504CD67F-FE87-4146-9A0D-2DCD7C3BDF62}.Debug|x86.Build.0 = Debug|Any CPU
		{504CD67F-FE87-4146-9A0D-2DCD7C3BDF62}.Release|Any CPU.ActiveCfg = Release|Any CPU
		{504CD67F-FE87-4146-9A0D-2DCD7C3BDF62}.Release|Any CPU.Build.0 = Release|Any CPU
		{504CD67F-FE87-4146-9A0D-2DCD7C3BDF62}.Release|x64.ActiveCfg = Release|Any CPU
		{504CD67F-FE87-4146-9A0D-2DCD7C3BDF62}.Release|x64.Build.0 = Release|Any CPU
		{504CD67F-FE87-4146-9A0D-2DCD7C3BDF62}.Release|x86.ActiveCfg = Release|Any CPU
		{504CD67F-FE87-4146-9A0D-2DCD7C3BDF62}.Release|x86.Build.0 = Release|Any CPU
		{8B250DAF-89BF-4EE4-9478-0C2092BBA49D}.Debug|Any CPU.ActiveCfg = Debug|Any CPU
		{8B250DAF-89BF-4EE4-9478-0C2092BBA49D}.Debug|Any CPU.Build.0 = Debug|Any CPU
		{8B250DAF-89BF-4EE4-9478-0C2092BBA49D}.Debug|x64.ActiveCfg = Debug|Any CPU
		{8B250DAF-89BF-4EE4-9478-0C2092BBA49D}.Debug|x64.Build.0 = Debug|Any CPU
		{8B250DAF-89BF-4EE4-9478-0C2092BBA49D}.Debug|x86.ActiveCfg = Debug|Any CPU
		{8B250DAF-89BF-4EE4-9478-0C2092BBA49D}.Debug|x86.Build.0 = Debug|Any CPU
		{8B250DAF-89BF-4EE4-9478-0C2092BBA49D}.Release|Any CPU.ActiveCfg = Release|Any CPU
		{8B250DAF-89BF-4EE4-9478-0C2092BBA49D}.Release|Any CPU.Build.0 = Release|Any CPU
		{8B250DAF-89BF-4EE4-9478-0C2092BBA49D}.Release|x64.ActiveCfg = Release|Any CPU
		{8B250DAF-89BF-4EE4-9478-0C2092BBA49D}.Release|x64.Build.0 = Release|Any CPU
		{8B250DAF-89BF-4EE4-9478-0C2092BBA49D}.Release|x86.ActiveCfg = Release|Any CPU
		{8B250DAF-89BF-4EE4-9478-0C2092BBA49D}.Release|x86.Build.0 = Release|Any CPU
		{FCBC296D-85EB-4922-A966-C58DB2026B1C}.Debug|Any CPU.ActiveCfg = Debug|Any CPU
		{FCBC296D-85EB-4922-A966-C58DB2026B1C}.Debug|Any CPU.Build.0 = Debug|Any CPU
		{FCBC296D-85EB-4922-A966-C58DB2026B1C}.Debug|x64.ActiveCfg = Debug|Any CPU
		{FCBC296D-85EB-4922-A966-C58DB2026B1C}.Debug|x64.Build.0 = Debug|Any CPU
		{FCBC296D-85EB-4922-A966-C58DB2026B1C}.Debug|x86.ActiveCfg = Debug|Any CPU
		{FCBC296D-85EB-4922-A966-C58DB2026B1C}.Debug|x86.Build.0 = Debug|Any CPU
		{FCBC296D-85EB-4922-A966-C58DB2026B1C}.Release|Any CPU.ActiveCfg = Release|Any CPU
		{FCBC296D-85EB-4922-A966-C58DB2026B1C}.Release|Any CPU.Build.0 = Release|Any CPU
		{FCBC296D-85EB-4922-A966-C58DB2026B1C}.Release|x64.ActiveCfg = Release|Any CPU
		{FCBC296D-85EB-4922-A966-C58DB2026B1C}.Release|x64.Build.0 = Release|Any CPU
		{FCBC296D-85EB-4922-A966-C58DB2026B1C}.Release|x86.ActiveCfg = Release|Any CPU
		{FCBC296D-85EB-4922-A966-C58DB2026B1C}.Release|x86.Build.0 = Release|Any CPU
		{D1D5314C-4F45-400A-93B2-9C1275692DD5}.Debug|Any CPU.ActiveCfg = Debug|Any CPU
		{D1D5314C-4F45-400A-93B2-9C1275692DD5}.Debug|Any CPU.Build.0 = Debug|Any CPU
		{D1D5314C-4F45-400A-93B2-9C1275692DD5}.Debug|x64.ActiveCfg = Debug|Any CPU
		{D1D5314C-4F45-400A-93B2-9C1275692DD5}.Debug|x64.Build.0 = Debug|Any CPU
		{D1D5314C-4F45-400A-93B2-9C1275692DD5}.Debug|x86.ActiveCfg = Debug|Any CPU
		{D1D5314C-4F45-400A-93B2-9C1275692DD5}.Debug|x86.Build.0 = Debug|Any CPU
		{D1D5314C-4F45-400A-93B2-9C1275692DD5}.Release|Any CPU.ActiveCfg = Release|Any CPU
		{D1D5314C-4F45-400A-93B2-9C1275692DD5}.Release|Any CPU.Build.0 = Release|Any CPU
		{D1D5314C-4F45-400A-93B2-9C1275692DD5}.Release|x64.ActiveCfg = Release|Any CPU
		{D1D5314C-4F45-400A-93B2-9C1275692DD5}.Release|x64.Build.0 = Release|Any CPU
		{D1D5314C-4F45-400A-93B2-9C1275692DD5}.Release|x86.ActiveCfg = Release|Any CPU
		{D1D5314C-4F45-400A-93B2-9C1275692DD5}.Release|x86.Build.0 = Release|Any CPU
		{3DFD0DDD-91FB-45B1-864F-BA6474E3FFFF}.Debug|Any CPU.ActiveCfg = Debug|Any CPU
		{3DFD0DDD-91FB-45B1-864F-BA6474E3FFFF}.Debug|Any CPU.Build.0 = Debug|Any CPU
		{3DFD0DDD-91FB-45B1-864F-BA6474E3FFFF}.Debug|x64.ActiveCfg = Debug|Any CPU
		{3DFD0DDD-91FB-45B1-864F-BA6474E3FFFF}.Debug|x64.Build.0 = Debug|Any CPU
		{3DFD0DDD-91FB-45B1-864F-BA6474E3FFFF}.Debug|x86.ActiveCfg = Debug|Any CPU
		{3DFD0DDD-91FB-45B1-864F-BA6474E3FFFF}.Debug|x86.Build.0 = Debug|Any CPU
		{3DFD0DDD-91FB-45B1-864F-BA6474E3FFFF}.Release|Any CPU.ActiveCfg = Release|Any CPU
		{3DFD0DDD-91FB-45B1-864F-BA6474E3FFFF}.Release|Any CPU.Build.0 = Release|Any CPU
		{3DFD0DDD-91FB-45B1-864F-BA6474E3FFFF}.Release|x64.ActiveCfg = Release|Any CPU
		{3DFD0DDD-91FB-45B1-864F-BA6474E3FFFF}.Release|x64.Build.0 = Release|Any CPU
		{3DFD0DDD-91FB-45B1-864F-BA6474E3FFFF}.Release|x86.ActiveCfg = Release|Any CPU
		{3DFD0DDD-91FB-45B1-864F-BA6474E3FFFF}.Release|x86.Build.0 = Release|Any CPU
		{FBFF539E-EA2B-4F21-AEDF-EB5E79EC5896}.Debug|Any CPU.ActiveCfg = Debug|Any CPU
		{FBFF539E-EA2B-4F21-AEDF-EB5E79EC5896}.Debug|Any CPU.Build.0 = Debug|Any CPU
		{FBFF539E-EA2B-4F21-AEDF-EB5E79EC5896}.Debug|x64.ActiveCfg = Debug|Any CPU
		{FBFF539E-EA2B-4F21-AEDF-EB5E79EC5896}.Debug|x64.Build.0 = Debug|Any CPU
		{FBFF539E-EA2B-4F21-AEDF-EB5E79EC5896}.Debug|x86.ActiveCfg = Debug|Any CPU
		{FBFF539E-EA2B-4F21-AEDF-EB5E79EC5896}.Debug|x86.Build.0 = Debug|Any CPU
		{FBFF539E-EA2B-4F21-AEDF-EB5E79EC5896}.Release|Any CPU.ActiveCfg = Release|Any CPU
		{FBFF539E-EA2B-4F21-AEDF-EB5E79EC5896}.Release|Any CPU.Build.0 = Release|Any CPU
		{FBFF539E-EA2B-4F21-AEDF-EB5E79EC5896}.Release|x64.ActiveCfg = Release|Any CPU
		{FBFF539E-EA2B-4F21-AEDF-EB5E79EC5896}.Release|x64.Build.0 = Release|Any CPU
		{FBFF539E-EA2B-4F21-AEDF-EB5E79EC5896}.Release|x86.ActiveCfg = Release|Any CPU
		{FBFF539E-EA2B-4F21-AEDF-EB5E79EC5896}.Release|x86.Build.0 = Release|Any CPU
		{58EB8522-BC66-472F-9C2E-5475C1026971}.Debug|Any CPU.ActiveCfg = Debug|Any CPU
		{58EB8522-BC66-472F-9C2E-5475C1026971}.Debug|Any CPU.Build.0 = Debug|Any CPU
		{58EB8522-BC66-472F-9C2E-5475C1026971}.Debug|x64.ActiveCfg = Debug|Any CPU
		{58EB8522-BC66-472F-9C2E-5475C1026971}.Debug|x64.Build.0 = Debug|Any CPU
		{58EB8522-BC66-472F-9C2E-5475C1026971}.Debug|x86.ActiveCfg = Debug|Any CPU
		{58EB8522-BC66-472F-9C2E-5475C1026971}.Debug|x86.Build.0 = Debug|Any CPU
		{58EB8522-BC66-472F-9C2E-5475C1026971}.Release|Any CPU.ActiveCfg = Release|Any CPU
		{58EB8522-BC66-472F-9C2E-5475C1026971}.Release|Any CPU.Build.0 = Release|Any CPU
		{58EB8522-BC66-472F-9C2E-5475C1026971}.Release|x64.ActiveCfg = Release|Any CPU
		{58EB8522-BC66-472F-9C2E-5475C1026971}.Release|x64.Build.0 = Release|Any CPU
		{58EB8522-BC66-472F-9C2E-5475C1026971}.Release|x86.ActiveCfg = Release|Any CPU
		{58EB8522-BC66-472F-9C2E-5475C1026971}.Release|x86.Build.0 = Release|Any CPU
	EndGlobalSection
	GlobalSection(SolutionProperties) = preSolution
		HideSolutionNode = FALSE
	EndGlobalSection
	GlobalSection(NestedProjects) = preSolution
		{DDC39E27-1BA2-44E6-8A97-0AE1C7369F50} = {827E0CD3-B72D-47B6-A68D-7590B98EB39B}
		{504CD67F-FE87-4146-9A0D-2DCD7C3BDF62} = {827E0CD3-B72D-47B6-A68D-7590B98EB39B}
		{8B250DAF-89BF-4EE4-9478-0C2092BBA49D} = {827E0CD3-B72D-47B6-A68D-7590B98EB39B}
		{FCBC296D-85EB-4922-A966-C58DB2026B1C} = {827E0CD3-B72D-47B6-A68D-7590B98EB39B}
		{D1D5314C-4F45-400A-93B2-9C1275692DD5} = {827E0CD3-B72D-47B6-A68D-7590B98EB39B}
		{3DFD0DDD-91FB-45B1-864F-BA6474E3FFFF} = {0AB3BF05-4346-4AA6-1389-037BE0695223}
		{FBFF539E-EA2B-4F21-AEDF-EB5E79EC5896} = {0AB3BF05-4346-4AA6-1389-037BE0695223}
		{58EB8522-BC66-472F-9C2E-5475C1026971} = {0AB3BF05-4346-4AA6-1389-037BE0695223}
	EndGlobalSection
EndGlobal
